{
  "name": "Blurp-frontend",
  "lockfileVersion": 2,
  "requires": true,
  "packages": {
    "": {
      "dependencies": {
        "@splinetool/react-spline": "^2.2.5",
        "@splinetool/runtime": "^0.9.183"
      }
    },
    "node_modules/@splinetool/react-spline": {
      "version": "2.2.5",
      "resolved": "https://registry.npmjs.org/@splinetool/react-spline/-/react-spline-2.2.5.tgz",
      "integrity": "sha512-eAD6+GteOT9S7Z3OdsT/6o6WNYk5NLx48zmHXathdNVdfW/P3npTxEGzEhiM+aMsf2+HbRZx0pX0WHt59HDjlg==",
      "dependencies": {
        "react-merge-refs": "^1.1.0"
      },
      "peerDependencies": {
        "@splinetool/runtime": "*",
        "react": ">=17.0.0",
        "react-dom": ">=17.0.0"
      }
    },
    "node_modules/@splinetool/runtime": {
      "version": "0.9.183",
      "resolved": "https://registry.npmjs.org/@splinetool/runtime/-/runtime-0.9.183.tgz",
      "integrity": "sha512-RxMMcelqUxo7WEeDUcgXA9YZUVBzPXC23f6pHPOdMV2jz8WyEfJf5IogSqzEFdmYTBAF0aCFALp5Wo57ljopqg==",
      "dependencies": {
        "on-change": "^4.0.0"
      }
    },
    "node_modules/js-tokens": {
      "version": "4.0.0",
      "resolved": "https://registry.npmjs.org/js-tokens/-/js-tokens-4.0.0.tgz",
      "integrity": "sha512-RdJUflcE3cUzKiMqQgsCu06FPu9UdIJO0beYbPhHN4k6apgJtifcoCtT9bcxOpYBtpD2kCM6Sbzg4CausW/PKQ==",
      "peer": true
    },
    "node_modules/loose-envify": {
      "version": "1.4.0",
      "resolved": "https://registry.npmjs.org/loose-envify/-/loose-envify-1.4.0.tgz",
      "integrity": "sha512-lyuxPGr/Wfhrlem2CL/UcnUc1zcqKAImBDzukY7Y5F/yQiNdko6+fRLevlw1HgMySw7f611UIY408EtxRSoK3Q==",
      "peer": true,
      "dependencies": {
        "js-tokens": "^3.0.0 || ^4.0.0"
      },
      "bin": {
        "loose-envify": "cli.js"
      }
    },
    "node_modules/on-change": {
      "version": "4.0.2",
      "resolved": "https://registry.npmjs.org/on-change/-/on-change-4.0.2.tgz",
      "integrity": "sha512-cMtCyuJmTx/bg2HCpHo3ZLeF7FZnBOapLqZHr2AlLeJ5Ul0Zu2mUJJz051Fdwu/Et2YW04ZD+TtU+gVy0ACNCA==",
      "engines": {
        "node": "^12.20.0 || ^14.13.1 || >=16.0.0"
      },
      "funding": {
        "url": "https://github.com/sindresorhus/on-change?sponsor=1"
      }
    },
    "node_modules/react": {
      "version": "18.2.0",
      "resolved": "https://registry.npmjs.org/react/-/react-18.2.0.tgz",
      "integrity": "sha512-/3IjMdb2L9QbBdWiW5e3P2/npwMBaU9mHCSCUzNln0ZCYbcfTsGbTJrU/kGemdH2IWmB2ioZ+zkxtmq6g09fGQ==",
      "peer": true,
      "dependencies": {
        "loose-envify": "^1.1.0"
      },
      "engines": {
        "node": ">=0.10.0"
      }
    },
    "node_modules/react-dom": {
      "version": "18.2.0",
      "resolved": "https://registry.npmjs.org/react-dom/-/react-dom-18.2.0.tgz",
      "integrity": "sha512-6IMTriUmvsjHUjNtEDudZfuDQUoWXVxKHhlEGSk81n4YFS+r/Kl99wXiwlVXtPBtJenozv2P+hxDsw9eA7Xo6g==",
      "peer": true,
      "dependencies": {
        "loose-envify": "^1.1.0",
        "scheduler": "^0.23.0"
      },
      "peerDependencies": {
        "react": "^18.2.0"
      }
    },
    "node_modules/react-merge-refs": {
      "version": "1.1.0",
      "resolved": "https://registry.npmjs.org/react-merge-refs/-/react-merge-refs-1.1.0.tgz",
      "integrity": "sha512-alTKsjEL0dKH/ru1Iyn7vliS2QRcBp9zZPGoWxUOvRGWPUYgjo+V01is7p04It6KhgrzhJGnIj9GgX8W4bZoCQ==",
      "funding": {
        "type": "github",
        "url": "https://github.com/sponsors/gregberge"
      }
    },
    "node_modules/scheduler": {
      "version": "0.23.0",
      "resolved": "https://registry.npmjs.org/scheduler/-/scheduler-0.23.0.tgz",
      "integrity": "sha512-CtuThmgHNg7zIZWAXi3AsyIzA3n4xx7aNyjwC2VJldO2LMVDhFK+63xGqq6CsJH4rTAt6/M+N4GhZiDYPx9eUw==",
      "peer": true,
      "dependencies": {
        "loose-envify": "^1.1.0"
      }
    }
  },
  "dependencies": {
    "@splinetool/react-spline": {
      "version": "2.2.5",
      "resolved": "https://registry.npmjs.org/@splinetool/react-spline/-/react-spline-2.2.5.tgz",
      "integrity": "sha512-eAD6+GteOT9S7Z3OdsT/6o6WNYk5NLx48zmHXathdNVdfW/P3npTxEGzEhiM+aMsf2+HbRZx0pX0WHt59HDjlg==",
      "requires": {
        "react-merge-refs": "^1.1.0"
      }
    },
    "@splinetool/runtime": {
      "version": "0.9.183",
      "resolved": "https://registry.npmjs.org/@splinetool/runtime/-/runtime-0.9.183.tgz",
      "integrity": "sha512-RxMMcelqUxo7WEeDUcgXA9YZUVBzPXC23f6pHPOdMV2jz8WyEfJf5IogSqzEFdmYTBAF0aCFALp5Wo57ljopqg==",
      "requires": {
        "on-change": "^4.0.0"
      }
    },
    "js-tokens": {
      "version": "4.0.0",
      "resolved": "https://registry.npmjs.org/js-tokens/-/js-tokens-4.0.0.tgz",
      "integrity": "sha512-RdJUflcE3cUzKiMqQgsCu06FPu9UdIJO0beYbPhHN4k6apgJtifcoCtT9bcxOpYBtpD2kCM6Sbzg4CausW/PKQ==",
      "peer": true
    },
    "loose-envify": {
      "version": "1.4.0",
      "resolved": "https://registry.npmjs.org/loose-envify/-/loose-envify-1.4.0.tgz",
      "integrity": "sha512-lyuxPGr/Wfhrlem2CL/UcnUc1zcqKAImBDzukY7Y5F/yQiNdko6+fRLevlw1HgMySw7f611UIY408EtxRSoK3Q==",
      "peer": true,
      "requires": {
        "js-tokens": "^3.0.0 || ^4.0.0"
      }
    },
    "on-change": {
      "version": "4.0.2",
      "resolved": "https://registry.npmjs.org/on-change/-/on-change-4.0.2.tgz",
      "integrity": "sha512-cMtCyuJmTx/bg2HCpHo3ZLeF7FZnBOapLqZHr2AlLeJ5Ul0Zu2mUJJz051Fdwu/Et2YW04ZD+TtU+gVy0ACNCA=="
    },
    "react": {
      "version": "18.2.0",
      "resolved": "https://registry.npmjs.org/react/-/react-18.2.0.tgz",
      "integrity": "sha512-/3IjMdb2L9QbBdWiW5e3P2/npwMBaU9mHCSCUzNln0ZCYbcfTsGbTJrU/kGemdH2IWmB2ioZ+zkxtmq6g09fGQ==",
      "peer": true,
      "requires": {
        "loose-envify": "^1.1.0"
      }
    },
    "react-dom": {
      "version": "18.2.0",
      "resolved": "https://registry.npmjs.org/react-dom/-/react-dom-18.2.0.tgz",
      "integrity": "sha512-6IMTriUmvsjHUjNtEDudZfuDQUoWXVxKHhlEGSk81n4YFS+r/Kl99wXiwlVXtPBtJenozv2P+hxDsw9eA7Xo6g==",
      "peer": true,
      "requires": {
        "loose-envify": "^1.1.0",
        "scheduler": "^0.23.0"
      }
    },
    "react-merge-refs": {
      "version": "1.1.0",
      "resolved": "https://registry.npmjs.org/react-merge-refs/-/react-merge-refs-1.1.0.tgz",
      "integrity": "sha512-alTKsjEL0dKH/ru1Iyn7vliS2QRcBp9zZPGoWxUOvRGWPUYgjo+V01is7p04It6KhgrzhJGnIj9GgX8W4bZoCQ=="
    },
    "scheduler": {
      "version": "0.23.0",
      "resolved": "https://registry.npmjs.org/scheduler/-/scheduler-0.23.0.tgz",
      "integrity": "sha512-CtuThmgHNg7zIZWAXi3AsyIzA3n4xx7aNyjwC2VJldO2LMVDhFK+63xGqq6CsJH4rTAt6/M+N4GhZiDYPx9eUw==",
      "peer": true,
      "requires": {
        "loose-envify": "^1.1.0"
      }
    }
  }
}
